
Microsoft Visual Studio Solution File, Format Version 12.00
# Visual Studio Version 16
VisualStudioVersion = 16.0.28803.156
MinimumVisualStudioVersion = 10.0.40219.1
Project("{FAE04EC0-301F-11D3-BF4B-00C04F79EFBC}") = "Servicios", "Servicios\Servicios.csproj", "{DDDD4ECB-F5FF-4557-B55A-57F756700EAB}"
EndProject
Global
	GlobalSection(SolutionConfigurationPlatforms) = preSolution
		Debug|Any CPU = Debug|Any CPU
		Release|Any CPU = Release|Any CPU
	EndGlobalSection
	GlobalSection(ProjectConfigurationPlatforms) = postSolution
		{DDDD4ECB-F5FF-4557-B55A-57F756700EAB}.Debug|Any CPU.ActiveCfg = Debug|Any CPU
		{DDDD4ECB-F5FF-4557-B55A-57F756700EAB}.Debug|Any CPU.Build.0 = Debug|Any CPU
		{DDDD4ECB-F5FF-4557-B55A-57F756700EAB}.Release|Any CPU.ActiveCfg = Release|Any CPU
		{DDDD4ECB-F5FF-4557-B55A-57F756700EAB}.Release|Any CPU.Build.0 = Release|Any CPU
	EndGlobalSection
	GlobalSection(SolutionProperties) = preSolution
		HideSolutionNode = FALSE
	EndGlobalSection
	GlobalSection(ExtensibilityGlobals) = postSolution
		SolutionGuid = {EB4084AC-D61B-4136-A7CA-D471DE96BDA8}
	EndGlobalSection
EndGlobal
