
Microsoft Visual Studio Solution File, Format Version 12.00
# Visual Studio Version 16
VisualStudioVersion = 16.0.28803.156
MinimumVisualStudioVersion = 10.0.40219.1
Project("{FAE04EC0-301F-11D3-BF4B-00C04F79EFBC}") = "Consumo", "Consumo\Consumo.csproj", "{1D54E4E5-6BFF-4157-8F06-E1DEE8FE9CEC}"
EndProject
Global
	GlobalSection(SolutionConfigurationPlatforms) = preSolution
		Debug|Any CPU = Debug|Any CPU
		Release|Any CPU = Release|Any CPU
	EndGlobalSection
	GlobalSection(ProjectConfigurationPlatforms) = postSolution
		{1D54E4E5-6BFF-4157-8F06-E1DEE8FE9CEC}.Debug|Any CPU.ActiveCfg = Debug|Any CPU
		{1D54E4E5-6BFF-4157-8F06-E1DEE8FE9CEC}.Debug|Any CPU.Build.0 = Debug|Any CPU
		{1D54E4E5-6BFF-4157-8F06-E1DEE8FE9CEC}.Release|Any CPU.ActiveCfg = Release|Any CPU
		{1D54E4E5-6BFF-4157-8F06-E1DEE8FE9CEC}.Release|Any CPU.Build.0 = Release|Any CPU
	EndGlobalSection
	GlobalSection(SolutionProperties) = preSolution
		HideSolutionNode = FALSE
	EndGlobalSection
	GlobalSection(ExtensibilityGlobals) = postSolution
		SolutionGuid = {01A2DCB7-42A5-4274-918D-033BC9D78C85}
	EndGlobalSection
EndGlobal
